lockfileVersion: '9.0'

settings:
  autoInstallPeers: true
  excludeLinksFromLockfile: false

importers:

  .:
    dependencies:
      dotenv:
        specifier: ^16.4.5
        version: 16.4.5
      mailparser:
        specifier: ^3.7.1
        version: 3.7.1
      node-imap:
        specifier: ^0.9.6
        version: 0.9.6
    devDependencies:
      '@types/mailparser':
        specifier: ^3.4.5
        version: 3.4.5
      '@types/node':
        specifier: ^22.9.3
        version: 22.9.3
      '@types/node-imap':
        specifier: ^0.9.3
        version: 0.9.3
      typescript:
        specifier: ^5.7.2
        version: 5.7.2

packages:

  '@selderee/plugin-htmlparser2@0.11.0':
    resolution: {integrity: sha512-P33hHGdldxGabLFjPPpaTxVolMrzrcegejx+0GxjrIb9Zv48D8yAIA/QTDR2dFl7Uz7urX8aX6+5bCZslr+gWQ==}

  '@types/mailparser@3.4.5':
    resolution: {integrity: sha512-EPERBp7fLeFZh7tS2X36MF7jawUx3Y6/0rXciZah3CTYgwLi3e0kpGUJ6FOmUabgzis/U1g+3/JzrVWbWIOGjg==}

  '@types/node-imap@0.9.3':
    resolution: {integrity: sha512-PIATiaiyk6815QgCm1Obq7M37e23usWvZUKpHBMYVhYfUFPU+R7SXlhirrDHtIKIRRLU2RX0EY/jPYzFsS9r5g==}

  '@types/node@22.9.3':
    resolution: {integrity: sha512-F3u1fs/fce3FFk+DAxbxc78DF8x0cY09RRL8GnXLmkJ1jvx3TtPdWoTT5/NiYfI5ASqXBmfqJi9dZ3gxMx4lzw==}

  deepmerge@4.3.1:
    resolution: {integrity: sha512-3sUqbMEc77XqpdNO7FRyRog+eW3ph+GYCbj+rK+uYyRMuwsVy0rMiVtPn+QJlKFvWP/1PYpapqYn0Me2knFn+A==}
    engines: {node: '>=0.10.0'}

  dom-serializer@2.0.0:
    resolution: {integrity: sha512-wIkAryiqt/nV5EQKqQpo3SToSOV9J0DnbJqwK7Wv/Trc92zIAYZ4FlMu+JPFW1DfGFt81ZTCGgDEabffXeLyJg==}

  domelementtype@2.3.0:
    resolution: {integrity: sha512-OLETBj6w0OsagBwdXnPdN0cnMfF9opN69co+7ZrbfPGrdpPVNBUj02spi6B1N7wChLQiPn4CSH/zJvXw56gmHw==}

  domhandler@5.0.3:
    resolution: {integrity: sha512-cgwlv/1iFQiFnU96XXgROh8xTeetsnJiDsTc7TYCLFd9+/WNkIqPTxiM/8pSd8VIrhXGTf1Ny1q1hquVqDJB5w==}
    engines: {node: '>= 4'}

  domutils@3.1.0:
    resolution: {integrity: sha512-H78uMmQtI2AhgDJjWeQmHwJJ2bLPD3GMmO7Zja/ZZh84wkm+4ut+IUnUdRa8uCGX88DiVx1j6FRe1XfxEgjEZA==}

  dotenv@16.4.5:
    resolution: {integrity: sha512-ZmdL2rui+eB2YwhsWzjInR8LldtZHGDoQ1ugH85ppHKwpUHL7j7rN0Ti9NCnGiQbhaZ11FpR+7ao1dNsmduNUg==}
    engines: {node: '>=12'}

  encoding-japanese@2.0.0:
    resolution: {integrity: sha512-++P0RhebUC8MJAwJOsT93dT+5oc5oPImp1HubZpAuCZ5kTLnhuuBhKHj2jJeO/Gj93idPBWmIuQ9QWMe5rX3pQ==}
    engines: {node: '>=8.10.0'}

  encoding-japanese@2.1.0:
    resolution: {integrity: sha512-58XySVxUgVlBikBTbQ8WdDxBDHIdXucB16LO5PBHR8t75D54wQrNo4cg+58+R1CtJfKnsVsvt9XlteRaR8xw1w==}
    engines: {node: '>=8.10.0'}

  entities@4.5.0:
    resolution: {integrity: sha512-V0hjH4dGPh9Ao5p0MoRY6BVqtwCjhz6vI5LT8AJ55H+4g9/4vbHx1I54fS0XuclLhDHArPQCiMjDxjaL8fPxhw==}
    engines: {node: '>=0.12'}

  he@1.2.0:
    resolution: {integrity: sha512-F/1DnUGPopORZi0ni+CvrCgHQ5FyEAHRLSApuYWMmrbSwoN2Mn/7k+Gl38gJnR7yyDZk6WLXwiGod1JOWNDKGw==}
    hasBin: true

  html-to-text@9.0.5:
    resolution: {integrity: sha512-qY60FjREgVZL03vJU6IfMV4GDjGBIoOyvuFdpBDIX9yTlDw0TjxVBQp+P8NvpdIXNJvfWBTNul7fsAQJq2FNpg==}
    engines: {node: '>=14'}

  htmlparser2@8.0.2:
    resolution: {integrity: sha512-GYdjWKDkbRLkZ5geuHs5NY1puJ+PXwP7+fHPRz06Eirsb9ugf6d8kkXav6ADhcODhFFPMIXyxkxSuMf3D6NCFA==}

  iconv-lite@0.6.3:
    resolution: {integrity: sha512-4fCk79wshMdzMp2rH06qWrJE4iolqLhCUH+OiuIgU++RB0+94NlDL81atO7GX55uUKueo0txHNtvEyI6D7WdMw==}
    engines: {node: '>=0.10.0'}

  inherits@2.0.4:
    resolution: {integrity: sha512-k/vGaX4/Yla3WzyMCvTQOXYeIHvqOKtnqBduzTHpzpQZzAskKMhZ2K+EnBiSM9zGSoIFeMpXKxa4dYeZIQqewQ==}

  leac@0.6.0:
    resolution: {integrity: sha512-y+SqErxb8h7nE/fiEX07jsbuhrpO9lL8eca7/Y1nuWV2moNlXhyd59iDGcRf6moVyDMbmTNzL40SUyrFU/yDpg==}

  libbase64@1.2.1:
    resolution: {integrity: sha512-l+nePcPbIG1fNlqMzrh68MLkX/gTxk/+vdvAb388Ssi7UuUN31MI44w4Yf33mM3Cm4xDfw48mdf3rkdHszLNew==}

  libbase64@1.3.0:
    resolution: {integrity: sha512-GgOXd0Eo6phYgh0DJtjQ2tO8dc0IVINtZJeARPeiIJqge+HdsWSuaDTe8ztQ7j/cONByDZ3zeB325AHiv5O0dg==}

  libmime@5.2.0:
    resolution: {integrity: sha512-X2U5Wx0YmK0rXFbk67ASMeqYIkZ6E5vY7pNWRKtnNzqjvdYYG8xtPDpCnuUEnPU9vlgNev+JoSrcaKSUaNvfsw==}

  libmime@5.3.5:
    resolution: {integrity: sha512-nSlR1yRZ43L3cZCiWEw7ali3jY29Hz9CQQ96Oy+sSspYnIP5N54ucOPHqooBsXzwrX1pwn13VUE05q4WmzfaLg==}

  libqp@2.0.1:
    resolution: {integrity: sha512-Ka0eC5LkF3IPNQHJmYBWljJsw0UvM6j+QdKRbWyCdTmYwvIDE6a7bCm0UkTAL/K+3KXK5qXT/ClcInU01OpdLg==}

  libqp@2.1.0:
    resolution: {integrity: sha512-O6O6/fsG5jiUVbvdgT7YX3xY3uIadR6wEZ7+vy9u7PKHAlSEB6blvC1o5pHBjgsi95Uo0aiBBdkyFecj6jtb7A==}

  linkify-it@5.0.0:
    resolution: {integrity: sha512-5aHCbzQRADcdP+ATqnDuhhJ/MRIqDkZX5pyjFHRRysS8vZ5AbqGEoFIb6pYHPZ+L/OC2Lc+xT8uHVVR5CAK/wQ==}

  mailparser@3.7.1:
    resolution: {integrity: sha512-RCnBhy5q8XtB3mXzxcAfT1huNqN93HTYYyL6XawlIKycfxM/rXPg9tXoZ7D46+SgCS1zxKzw+BayDQSvncSTTw==}

  mailsplit@5.4.0:
    resolution: {integrity: sha512-wnYxX5D5qymGIPYLwnp6h8n1+6P6vz/MJn5AzGjZ8pwICWssL+CCQjWBIToOVHASmATot4ktvlLo6CyLfOXWYA==}

  node-imap@0.9.6:
    resolution: {integrity: sha512-pYQ2AtjQwrSvILq8EYInv3E3svrJwrTOxzW7uBGpP//AkCs/pMdO+O6KEgUlSchh/0/N0MSWs5io3xZhxJ9yLg==}
    engines: {node: '>=0.8.0'}

  nodemailer@6.9.13:
    resolution: {integrity: sha512-7o38Yogx6krdoBf3jCAqnIN4oSQFx+fMa0I7dK1D+me9kBxx12D+/33wSb+fhOCtIxvYJ+4x4IMEhmhCKfAiOA==}
    engines: {node: '>=6.0.0'}

  parseley@0.12.1:
    resolution: {integrity: sha512-e6qHKe3a9HWr0oMRVDTRhKce+bRO8VGQR3NyVwcjwrbhMmFCX9KszEV35+rn4AdilFAq9VPxP/Fe1wC9Qjd2lw==}

  peberminta@0.9.0:
    resolution: {integrity: sha512-XIxfHpEuSJbITd1H3EeQwpcZbTLHc+VVr8ANI9t5sit565tsI4/xK3KWTUFE2e6QiangUkh3B0jihzmGnNrRsQ==}

  punycode.js@2.3.1:
    resolution: {integrity: sha512-uxFIHU0YlHYhDQtV4R9J6a52SLx28BCjT+4ieh7IGbgwVJWO+km431c4yRlREUAsAmt/uMjQUyQHNEPf0M39CA==}
    engines: {node: '>=6'}

  readable-stream@3.6.2:
    resolution: {integrity: sha512-9u/sniCrY3D5WdsERHzHE4G2YCXqoG5FTHUiCC4SIbr6XcLZBY05ya9EKjYek9O5xOAwjGq+1JdGBAS7Q9ScoA==}
    engines: {node: '>= 6'}

  safe-buffer@5.2.1:
    resolution: {integrity: sha512-rp3So07KcdmmKbGvgaNxQSJr7bGVSVk5S9Eq1F+ppbRo70+YeaDxkw5Dd8NPN+GD6bjnYm2VuPuCXmpuYvmCXQ==}

  safer-buffer@2.1.2:
    resolution: {integrity: sha512-YZo3K82SD7Riyi0E1EQPojLz7kpepnSQI9IyPbHHg1XXXevb5dJI7tpyN2ADxGcQbHG7vcyRHk0cbwqcQriUtg==}

  selderee@0.11.0:
    resolution: {integrity: sha512-5TF+l7p4+OsnP8BCCvSyZiSPc4x4//p5uPwK8TCnVPJYRmU2aYKMpOXvw8zM5a5JvuuCGN1jmsMwuU2W02ukfA==}

  semver@5.3.0:
    resolution: {integrity: sha512-mfmm3/H9+67MCVix1h+IXTpDwL6710LyHuk7+cWC9T1mE0qz4iHhh6r4hU2wrIT9iTsAAC2XQRvfblL028cpLw==}
    hasBin: true

  string_decoder@1.3.0:
    resolution: {integrity: sha512-hkRX8U1WjJFd8LsDJ2yQ/wWWxaopEsABU1XfkM8A+j0+85JAGppt16cr1Whg6KIbb4okU6Mql6BOj+uup/wKeA==}

  tlds@1.252.0:
    resolution: {integrity: sha512-GA16+8HXvqtfEnw/DTcwB0UU354QE1n3+wh08oFjr6Znl7ZLAeUgYzCcK+/CCrOyE0vnHR8/pu3XXG3vDijXpQ==}
    hasBin: true

  typescript@5.7.2:
    resolution: {integrity: sha512-i5t66RHxDvVN40HfDd1PsEThGNnlMCMT3jMUuoh9/0TaqWevNontacunWyN02LA9/fIbEWlcHZcgTKb9QoaLfg==}
    engines: {node: '>=14.17'}
    hasBin: true

  uc.micro@2.1.0:
    resolution: {integrity: sha512-ARDJmphmdvUk6Glw7y9DQ2bFkKBHwQHLi2lsaH6PPmz/Ka9sFOBsBluozhDltWmnv9u/cF6Rt87znRTPV+yp/A==}

  undici-types@6.19.8:
    resolution: {integrity: sha512-ve2KP6f/JnbPBFyobGHuerC9g1FYGn/F8n1LWTwNxCEzd6IfqTwUQcNXgEtmmQ6DlRrC1hrSrBnCZPokRrDHjw==}

  utf7@1.0.2:
    resolution: {integrity: sha512-qQrPtYLLLl12NF4DrM9CvfkxkYI97xOb5dsnGZHE3teFr0tWiEZ9UdgMPczv24vl708cYMpe6mGXGHrotIp3Bw==}

  util-deprecate@1.0.2:
    resolution: {integrity: sha512-EPD5q1uXyFxJpCrLnCc1nHnq3gOa6DZBocAIiI2TaSCA7VCJ1UJDMagCzIkXNsUYfD1daK//LTEQ8xiIbrHtcw==}

snapshots:

  '@selderee/plugin-htmlparser2@0.11.0':
    dependencies:
      domhandler: 5.0.3
      selderee: 0.11.0

  '@types/mailparser@3.4.5':
    dependencies:
      '@types/node': 22.9.3
      iconv-lite: 0.6.3

  '@types/node-imap@0.9.3':
    dependencies:
      '@types/node': 22.9.3

  '@types/node@22.9.3':
    dependencies:
      undici-types: 6.19.8

  deepmerge@4.3.1: {}

  dom-serializer@2.0.0:
    dependencies:
      domelementtype: 2.3.0
      domhandler: 5.0.3
      entities: 4.5.0

  domelementtype@2.3.0: {}

  domhandler@5.0.3:
    dependencies:
      domelementtype: 2.3.0

  domutils@3.1.0:
    dependencies:
      dom-serializer: 2.0.0
      domelementtype: 2.3.0
      domhandler: 5.0.3

  dotenv@16.4.5: {}

  encoding-japanese@2.0.0: {}

  encoding-japanese@2.1.0: {}

  entities@4.5.0: {}

  he@1.2.0: {}

  html-to-text@9.0.5:
    dependencies:
      '@selderee/plugin-htmlparser2': 0.11.0
      deepmerge: 4.3.1
      dom-serializer: 2.0.0
      htmlparser2: 8.0.2
      selderee: 0.11.0

  htmlparser2@8.0.2:
    dependencies:
      domelementtype: 2.3.0
      domhandler: 5.0.3
      domutils: 3.1.0
      entities: 4.5.0

  iconv-lite@0.6.3:
    dependencies:
      safer-buffer: 2.1.2

  inherits@2.0.4: {}

  leac@0.6.0: {}

  libbase64@1.2.1: {}

  libbase64@1.3.0: {}

  libmime@5.2.0:
    dependencies:
      encoding-japanese: 2.0.0
      iconv-lite: 0.6.3
      libbase64: 1.2.1
      libqp: 2.0.1

  libmime@5.3.5:
    dependencies:
      encoding-japanese: 2.1.0
      iconv-lite: 0.6.3
      libbase64: 1.3.0
      libqp: 2.1.0

  libqp@2.0.1: {}

  libqp@2.1.0: {}

  linkify-it@5.0.0:
    dependencies:
      uc.micro: 2.1.0

  mailparser@3.7.1:
    dependencies:
      encoding-japanese: 2.1.0
      he: 1.2.0
      html-to-text: 9.0.5
      iconv-lite: 0.6.3
      libmime: 5.3.5
      linkify-it: 5.0.0
      mailsplit: 5.4.0
      nodemailer: 6.9.13
      punycode.js: 2.3.1
      tlds: 1.252.0

  mailsplit@5.4.0:
    dependencies:
      libbase64: 1.2.1
      libmime: 5.2.0
      libqp: 2.0.1

  node-imap@0.9.6:
    dependencies:
      readable-stream: 3.6.2
      utf7: 1.0.2

  nodemailer@6.9.13: {}

  parseley@0.12.1:
    dependencies:
      leac: 0.6.0
      peberminta: 0.9.0

  peberminta@0.9.0: {}

  punycode.js@2.3.1: {}

  readable-stream@3.6.2:
    dependencies:
      inherits: 2.0.4
      string_decoder: 1.3.0
      util-deprecate: 1.0.2

  safe-buffer@5.2.1: {}

  safer-buffer@2.1.2: {}

  selderee@0.11.0:
    dependencies:
      parseley: 0.12.1

  semver@5.3.0: {}

  string_decoder@1.3.0:
    dependencies:
      safe-buffer: 5.2.1

  tlds@1.252.0: {}

  typescript@5.7.2: {}

  uc.micro@2.1.0: {}

  undici-types@6.19.8: {}

  utf7@1.0.2:
    dependencies:
      semver: 5.3.0

  util-deprecate@1.0.2: {}
